// !$*UTF8*$!
{
	archiveVersion = 1;
	classes = {
	};
	objectVersion = 50;
	objects = {

/* Begin PBXBuildFile section */
		8D7AE1C1224C4DF10058C652 /* AppDelegate.swift in Sources */ = {isa = PBXBuildFile; fileRef = 8D7AE1C0224C4DF10058C652 /* AppDelegate.swift */; };
		8D7AE1C3224C4DF10058C652 /* ViewController.swift in Sources */ = {isa = PBXBuildFile; fileRef = 8D7AE1C2224C4DF10058C652 /* ViewController.swift */; };
		8D7AE1C6224C4DF10058C652 /* Main.storyboard in Resources */ = {isa = PBXBuildFile; fileRef = 8D7AE1C4224C4DF10058C652 /* Main.storyboard */; };
		8D7AE1C8224C4DF40058C652 /* Assets.xcassets in Resources */ = {isa = PBXBuildFile; fileRef = 8D7AE1C7224C4DF40058C652 /* Assets.xcassets */; };
		8D7AE1CB224C4DF40058C652 /* LaunchScreen.storyboard in Resources */ = {isa = PBXBuildFile; fileRef = 8D7AE1C9224C4DF40058C652 /* LaunchScreen.storyboard */; };
		8D7AE1D6224C4DF40058C652 /* ParstagramTests.swift in Sources */ = {isa = PBXBuildFile; fileRef = 8D7AE1D5224C4DF40058C652 /* ParstagramTests.swift */; };
		8D7AE1E1224C4DF40058C652 /* ParstagramUITests.swift in Sources */ = {isa = PBXBuildFile; fileRef = 8D7AE1E0224C4DF40058C652 /* ParstagramUITests.swift */; };
/* End PBXBuildFile section */

/* Begin PBXContainerItemProxy section */
		8D7AE1D2224C4DF40058C652 /* PBXContainerItemProxy */ = {
			isa = PBXContainerItemProxy;
			containerPortal = 8D7AE1B5224C4DF10058C652 /* Project object */;
			proxyType = 1;
			remoteGlobalIDString = 8D7AE1BC224C4DF10058C652;
			remoteInfo = Parstagram;
		};
		8D7AE1DD224C4DF40058C652 /* PBXContainerItemProxy */ = {
			isa = PBXContainerItemProxy;
			containerPortal = 8D7AE1B5224C4DF10058C652 /* Project object */;
			proxyType = 1;
			remoteGlobalIDString = 8D7AE1BC224C4DF10058C652;
			remoteInfo = Parstagram;
		};
/* End PBXContainerItemProxy section */

/* Begin PBXFileReference section */
		8D7AE1BD224C4DF10058C652 /* Parstagram.app */ = {isa = PBXFileReference; explicitFileType = wrapper.application; includeInIndex = 0; path = Parstagram.app; sourceTree = BUILT_PRODUCTS_DIR; };
		8D7AE1C0224C4DF10058C652 /* AppDelegate.swift */ = {isa = PBXFileReference; lastKnownFileType = sourcecode.swift; path = AppDelegate.swift; sourceTree = "<group>"; };
		8D7AE1C2224C4DF10058C652 /* ViewController.swift */ = {isa = PBXFileReference; lastKnownFileType = sourcecode.swift; path = ViewController.swift; sourceTree = "<group>"; };
		8D7AE1C5224C4DF10058C652 /* Base */ = {isa = PBXFileReference; lastKnownFileType = file.storyboard; name = Base; path = Base.lproj/Main.storyboard; sourceTree = "<group>"; };
		8D7AE1C7224C4DF40058C652 /* Assets.xcassets */ = {isa = PBXFileReference; lastKnownFileType = folder.assetcatalog; path = Assets.xcassets; sourceTree = "<group>"; };
		8D7AE1CA224C4DF40058C652 /* Base */ = {isa = PBXFileReference; lastKnownFileType = file.storyboard; name = Base; path = Base.lproj/LaunchScreen.storyboard; sourceTree = "<group>"; };
		8D7AE1CC224C4DF40058C652 /* Info.plist */ = {isa = PBXFileReference; lastKnownFileType = text.plist.xml; path = Info.plist; sourceTree = "<group>"; };
		8D7AE1D1224C4DF40058C652 /* ParstagramTests.xctest */ = {isa = PBXFileReference; explicitFileType = wrapper.cfbundle; includeInIndex = 0; path = ParstagramTests.xctest; sourceTree = BUILT_PRODUCTS_DIR; };
		8D7AE1D5224C4DF40058C652 /* ParstagramTests.swift */ = {isa = PBXFileReference; lastKnownFileType = sourcecode.swift; path = ParstagramTests.swift; sourceTree = "<group>"; };
		8D7AE1D7224C4DF40058C652 /* Info.plist */ = {isa = PBXFileReference; lastKnownFileType = text.plist.xml; path = Info.plist; sourceTree = "<group>"; };
		8D7AE1DC224C4DF40058C652 /* ParstagramUITests.xctest */ = {isa = PBXFileReference; explicitFileType = wrapper.cfbundle; includeInIndex = 0; path = ParstagramUITests.xctest; sourceTree = BUILT_PRODUCTS_DIR; };
		8D7AE1E0224C4DF40058C652 /* ParstagramUITests.swift */ = {isa = PBXFileReference; lastKnownFileType = sourcecode.swift; path = ParstagramUITests.swift; sourceTree = "<group>"; };
		8D7AE1E2224C4DF40058C652 /* Info.plist */ = {isa = PBXFileReference; lastKnownFileType = text.plist.xml; path = Info.plist; sourceTree = "<group>"; };
/* End PBXFileReference section */

/* Begin PBXFrameworksBuildPhase section */
		8D7AE1BA224C4DF10058C652 /* Frameworks */ = {
			isa = PBXFrameworksBuildPhase;
			buildActionMask = 2147483647;
			files = (
			);
			runOnlyForDeploymentPostprocessing = 0;
		};
		8D7AE1CE224C4DF40058C652 /* Frameworks */ = {
			isa = PBXFrameworksBuildPhase;
			buildActionMask = 2147483647;
			files = (
			);
			runOnlyForDeploymentPostprocessing = 0;
		};
		8D7AE1D9224C4DF40058C652 /* Frameworks */ = {
			isa = PBXFrameworksBuildPhase;
			buildActionMask = 2147483647;
			files = (
			);
			runOnlyForDeploymentPostprocessing = 0;
		};
/* End PBXFrameworksBuildPhase section */

/* Begin PBXGroup section */
		8D7AE1B4224C4DF10058C652 = {
			isa = PBXGroup;
			children = (
				8D7AE1BF224C4DF10058C652 /* Parstagram */,
				8D7AE1D4224C4DF40058C652 /* ParstagramTests */,
				8D7AE1DF224C4DF40058C652 /* ParstagramUITests */,
				8D7AE1BE224C4DF10058C652 /* Products */,
			);
			sourceTree = "<group>";
		};
		8D7AE1BE224C4DF10058C652 /* Products */ = {
			isa = PBXGroup;
			children = (
				8D7AE1BD224C4DF10058C652 /* Parstagram.app */,
				8D7AE1D1224C4DF40058C652 /* ParstagramTests.xctest */,
				8D7AE1DC224C4DF40058C652 /* ParstagramUITests.xctest */,
			);
			name = Products;
			sourceTree = "<group>";
		};
		8D7AE1BF224C4DF10058C652 /* Parstagram */ = {
			isa = PBXGroup;
			children = (
				8D7AE1C0224C4DF10058C652 /* AppDelegate.swift */,
				8D7AE1C2224C4DF10058C652 /* ViewController.swift */,
				8D7AE1C4224C4DF10058C652 /* Main.storyboard */,
				8D7AE1C7224C4DF40058C652 /* Assets.xcassets */,
				8D7AE1C9224C4DF40058C652 /* LaunchScreen.storyboard */,
				8D7AE1CC224C4DF40058C652 /* Info.plist */,
			);
			path = Parstagram;
			sourceTree = "<group>";
		};
		8D7AE1D4224C4DF40058C652 /* ParstagramTests */ = {
			isa = PBXGroup;
			children = (
				8D7AE1D5224C4DF40058C652 /* ParstagramTests.swift */,
				8D7AE1D7224C4DF40058C652 /* Info.plist */,
			);
			path = ParstagramTests;
			sourceTree = "<group>";
		};
		8D7AE1DF224C4DF40058C652 /* ParstagramUITests */ = {
			isa = PBXGroup;
			children = (
				8D7AE1E0224C4DF40058C652 /* ParstagramUITests.swift */,
				8D7AE1E2224C4DF40058C652 /* Info.plist */,
			);
			path = ParstagramUITests;
			sourceTree = "<group>";
		};
/* End PBXGroup section */

/* Begin PBXNativeTarget section */
		8D7AE1BC224C4DF10058C652 /* Parstagram */ = {
			isa = PBXNativeTarget;
			buildConfigurationList = 8D7AE1E5224C4DF40058C652 /* Build configuration list for PBXNativeTarget "Parstagram" */;
			buildPhases = (
				8D7AE1B9224C4DF10058C652 /* Sources */,
				8D7AE1BA224C4DF10058C652 /* Frameworks */,
				8D7AE1BB224C4DF10058C652 /* Resources */,
			);
			buildRules = (
			);
			dependencies = (
			);
			name = Parstagram;
			productName = Parstagram;
			productReference = 8D7AE1BD224C4DF10058C652 /* Parstagram.app */;
			productType = "com.apple.product-type.application";
		};
		8D7AE1D0224C4DF40058C652 /* ParstagramTests */ = {
			isa = PBXNativeTarget;
			buildConfigurationList = 8D7AE1E8224C4DF40058C652 /* Build configuration list for PBXNativeTarget "ParstagramTests" */;
			buildPhases = (
				8D7AE1CD224C4DF40058C652 /* Sources */,
				8D7AE1CE224C4DF40058C652 /* Frameworks */,
				8D7AE1CF224C4DF40058C652 /* Resources */,
			);
			buildRules = (
			);
			dependencies = (
				8D7AE1D3224C4DF40058C652 /* PBXTargetDependency */,
			);
			name = ParstagramTests;
			productName = ParstagramTests;
			productReference = 8D7AE1D1224C4DF40058C652 /* ParstagramTests.xctest */;
			productType = "com.apple.product-type.bundle.unit-test";
		};
		8D7AE1DB224C4DF40058C652 /* ParstagramUITests */ = {
			isa = PBXNativeTarget;
			buildConfigurationList = 8D7AE1EB224C4DF40058C652 /* Build configuration list for PBXNativeTarget "ParstagramUITests" */;
			buildPhases = (
				8D7AE1D8224C4DF40058C652 /* Sources */,
				8D7AE1D9224C4DF40058C652 /* Frameworks */,
				8D7AE1DA224C4DF40058C652 /* Resources */,
			);
			buildRules = (
			);
			dependencies = (
				8D7AE1DE224C4DF40058C652 /* PBXTargetDependency */,
			);
			name = ParstagramUITests;
			productName = ParstagramUITests;
			productReference = 8D7AE1DC224C4DF40058C652 /* ParstagramUITests.xctest */;
			productType = "com.apple.product-type.bundle.ui-testing";
		};
/* End PBXNativeTarget section */

/* Begin PBXProject section */
		8D7AE1B5224C4DF10058C652 /* Project object */ = {
			isa = PBXProject;
			attributes = {
				LastSwiftUpdateCheck = 1010;
				LastUpgradeCheck = 1010;
				ORGANIZATIONNAME = "Joseph Shimonov";
				TargetAttributes = {
					8D7AE1BC224C4DF10058C652 = {
						CreatedOnToolsVersion = 10.1;
					};
					8D7AE1D0224C4DF40058C652 = {
						CreatedOnToolsVersion = 10.1;
						TestTargetID = 8D7AE1BC224C4DF10058C652;
					};
					8D7AE1DB224C4DF40058C652 = {
						CreatedOnToolsVersion = 10.1;
						TestTargetID = 8D7AE1BC224C4DF10058C652;
					};
				};
			};
			buildConfigurationList = 8D7AE1B8224C4DF10058C652 /* Build configuration list for PBXProject "Parstagram" */;
			compatibilityVersion = "Xcode 9.3";
			developmentRegion = en;
			hasScannedForEncodings = 0;
			knownRegions = (
				en,
				Base,
			);
			mainGroup = 8D7AE1B4224C4DF10058C652;
			productRefGroup = 8D7AE1BE224C4DF10058C652 /* Products */;
			projectDirPath = "";
			projectRoot = "";
			targets = (
				8D7AE1BC224C4DF10058C652 /* Parstagram */,
				8D7AE1D0224C4DF40058C652 /* ParstagramTests */,
				8D7AE1DB224C4DF40058C652 /* ParstagramUITests */,
			);
		};
/* End PBXProject section */

/* Begin PBXResourcesBuildPhase section */
		8D7AE1BB224C4DF10058C652 /* Resources */ = {
			isa = PBXResourcesBuildPhase;
			buildActionMask = 2147483647;
			files = (
				8D7AE1CB224C4DF40058C652 /* LaunchScreen.storyboard in Resources */,
				8D7AE1C8224C4DF40058C652 /* Assets.xcassets in Resources */,
				8D7AE1C6224C4DF10058C652 /* Main.storyboard in Resources */,
			);
			runOnlyForDeploymentPostprocessing = 0;
		};
		8D7AE1CF224C4DF40058C652 /* Resources */ = {
			isa = PBXResourcesBuildPhase;
			buildActionMask = 2147483647;
			files = (
			);
			runOnlyForDeploymentPostprocessing = 0;
		};
		8D7AE1DA224C4DF40058C652 /* Resources */ = {
			isa = PBXResourcesBuildPhase;
			buildActionMask = 2147483647;
			files = (
			);
			runOnlyForDeploymentPostprocessing = 0;
		};
/* End PBXResourcesBuildPhase section */

/* Begin PBXSourcesBuildPhase section */
		8D7AE1B9224C4DF10058C652 /* Sources */ = {
			isa = PBXSourcesBuildPhase;
			buildActionMask = 2147483647;
			files = (
				8D7AE1C3224C4DF10058C652 /* ViewController.swift in Sources */,
				8D7AE1C1224C4DF10058C652 /* AppDelegate.swift in Sources */,
			);
			runOnlyForDeploymentPostprocessing = 0;
		};
		8D7AE1CD224C4DF40058C652 /* Sources */ = {
			isa = PBXSourcesBuildPhase;
			buildActionMask = 2147483647;
			files = (
				8D7AE1D6224C4DF40058C652 /* ParstagramTests.swift in Sources */,
			);
			runOnlyForDeploymentPostprocessing = 0;
		};
		8D7AE1D8224C4DF40058C652 /* Sources */ = {
			isa = PBXSourcesBuildPhase;
			buildActionMask = 2147483647;
			files = (
				8D7AE1E1224C4DF40058C652 /* ParstagramUITests.swift in Sources */,
			);
			runOnlyForDeploymentPostprocessing = 0;
		};
/* End PBXSourcesBuildPhase section */

/* Begin PBXTargetDependency section */
		8D7AE1D3224C4DF40058C652 /* PBXTargetDependency */ = {
			isa = PBXTargetDependency;
			target = 8D7AE1BC224C4DF10058C652 /* Parstagram */;
			targetProxy = 8D7AE1D2224C4DF40058C652 /* PBXContainerItemProxy */;
		};
		8D7AE1DE224C4DF40058C652 /* PBXTargetDependency */ = {
			isa = PBXTargetDependency;
			target = 8D7AE1BC224C4DF10058C652 /* Parstagram */;
			targetProxy = 8D7AE1DD224C4DF40058C652 /* PBXContainerItemProxy */;
		};
/* End PBXTargetDependency section */

/* Begin PBXVariantGroup section */
		8D7AE1C4224C4DF10058C652 /* Main.storyboard */ = {
			isa = PBXVariantGroup;
			children = (
				8D7AE1C5224C4DF10058C652 /* Base */,
			);
			name = Main.storyboard;
			sourceTree = "<group>";
		};
		8D7AE1C9224C4DF40058C652 /* LaunchScreen.storyboard */ = {
			isa = PBXVariantGroup;
			children = (
				8D7AE1CA224C4DF40058C652 /* Base */,
			);
			name = LaunchScreen.storyboard;
			sourceTree = "<group>";
		};
/* End PBXVariantGroup section */

/* Begin XCBuildConfiguration section */
		8D7AE1E3224C4DF40058C652 /* Debug */ = {
			isa = XCBuildConfiguration;
			buildSettings = {
				ALWAYS_SEARCH_USER_PATHS = NO;
				CLANG_ANALYZER_NONNULL = YES;
				CLANG_ANALYZER_NUMBER_OBJECT_CONVERSION = YES_AGGRESSIVE;
				CLANG_CXX_LANGUAGE_STANDARD = "gnu++14";
				CLANG_CXX_LIBRARY = "libc++";
				CLANG_ENABLE_MODULES = YES;
				CLANG_ENABLE_OBJC_ARC = YES;
				CLANG_ENABLE_OBJC_WEAK = YES;
				CLANG_WARN_BLOCK_CAPTURE_AUTORELEASING = YES;
				CLANG_WARN_BOOL_CONVERSION = YES;
				CLANG_WARN_COMMA = YES;
				CLANG_WARN_CONSTANT_CONVERSION = YES;
				CLANG_WARN_DEPRECATED_OBJC_IMPLEMENTATIONS = YES;
				CLANG_WARN_DIRECT_OBJC_ISA_USAGE = YES_ERROR;
				CLANG_WARN_DOCUMENTATION_COMMENTS = YES;
				CLANG_WARN_EMPTY_BODY = YES;
				CLANG_WARN_ENUM_CONVERSION = YES;
				CLANG_WARN_INFINITE_RECURSION = YES;
				CLANG_WARN_INT_CONVERSION = YES;
				CLANG_WARN_NON_LITERAL_NULL_CONVERSION = YES;
				CLANG_WARN_OBJC_IMPLICIT_RETAIN_SELF = YES;
				CLANG_WARN_OBJC_LITERAL_CONVERSION = YES;
				CLANG_WARN_OBJC_ROOT_CLASS = YES_ERROR;
				CLANG_WARN_RANGE_LOOP_ANALYSIS = YES;
				CLANG_WARN_STRICT_PROTOTYPES = YES;
				CLANG_WARN_SUSPICIOUS_MOVE = YES;
				CLANG_WARN_UNGUARDED_AVAILABILITY = YES_AGGRESSIVE;
				CLANG_WARN_UNREACHABLE_CODE = YES;
				CLANG_WARN__DUPLICATE_METHOD_MATCH = YES;
				CODE_SIGN_IDENTITY = "iPhone Developer";
				COPY_PHASE_STRIP = NO;
				DEBUG_INFORMATION_FORMAT = dwarf;
				ENABLE_STRICT_OBJC_MSGSEND = YES;
				ENABLE_TESTABILITY = YES;
				GCC_C_LANGUAGE_STANDARD = gnu11;
				GCC_DYNAMIC_NO_PIC = NO;
				GCC_NO_COMMON_BLOCKS = YES;
				GCC_OPTIMIZATION_LEVEL = 0;
				GCC_PREPROCESSOR_DEFINITIONS = (
					"DEBUG=1",
					"$(inherited)",
				);
				GCC_WARN_64_TO_32_BIT_CONVERSION = YES;
				GCC_WARN_ABOUT_RETURN_TYPE = YES_ERROR;
				GCC_WARN_UNDECLARED_SELECTOR = YES;
				GCC_WARN_UNINITIALIZED_AUTOS = YES_AGGRESSIVE;
				GCC_WARN_UNUSED_FUNCTION = YES;
				GCC_WARN_UNUSED_VARIABLE = YES;
				IPHONEOS_DEPLOYMENT_TARGET = 12.1;
				MTL_ENABLE_DEBUG_INFO = INCLUDE_SOURCE;
				MTL_FAST_MATH = YES;
				ONLY_ACTIVE_ARCH = YES;
				SDKROOT = iphoneos;
				SWIFT_ACTIVE_COMPILATION_CONDITIONS = DEBUG;
				SWIFT_OPTIMIZATION_LEVEL = "-Onone";
			};
			name = Debug;
		};
		8D7AE1E4224C4DF40058C652 /* Release */ = {
			isa = XCBuildConfiguration;
			buildSettings = {
				ALWAYS_SEARCH_USER_PATHS = NO;
				CLANG_ANALYZER_NONNULL = YES;
				CLANG_ANALYZER_NUMBER_OBJECT_CONVERSION = YES_AGGRESSIVE;
				CLANG_CXX_LANGUAGE_STANDARD = "gnu++14";
				CLANG_CXX_LIBRARY = "libc++";
				CLANG_ENABLE_MODULES = YES;
				CLANG_ENABLE_OBJC_ARC = YES;
				CLANG_ENABLE_OBJC_WEAK = YES;
				CLANG_WARN_BLOCK_CAPTURE_AUTORELEASING = YES;
				CLANG_WARN_BOOL_CONVERSION = YES;
				CLANG_WARN_COMMA = YES;
				CLANG_WARN_CONSTANT_CONVERSION = YES;
				CLANG_WARN_DEPRECATED_OBJC_IMPLEMENTATIONS = YES;
				CLANG_WARN_DIRECT_OBJC_ISA_USAGE = YES_ERROR;
				CLANG_WARN_DOCUMENTATION_COMMENTS = YES;
				CLANG_WARN_EMPTY_BODY = YES;
				CLANG_WARN_ENUM_CONVERSION = YES;
				CLANG_WARN_INFINITE_RECURSION = YES;
				CLANG_WARN_INT_CONVERSION = YES;
				CLANG_WARN_NON_LITERAL_NULL_CONVERSION = YES;
				CLANG_WARN_OBJC_IMPLICIT_RETAIN_SELF = YES;
				CLANG_WARN_OBJC_LITERAL_CONVERSION = YES;
				CLANG_WARN_OBJC_ROOT_CLASS = YES_ERROR;
				CLANG_WARN_RANGE_LOOP_ANALYSIS = YES;
				CLANG_WARN_STRICT_PROTOTYPES = YES;
				CLANG_WARN_SUSPICIOUS_MOVE = YES;
				CLANG_WARN_UNGUARDED_AVAILABILITY = YES_AGGRESSIVE;
				CLANG_WARN_UNREACHABLE_CODE = YES;
				CLANG_WARN__DUPLICATE_METHOD_MATCH = YES;
				CODE_SIGN_IDENTITY = "iPhone Developer";
				COPY_PHASE_STRIP = NO;
				DEBUG_INFORMATION_FORMAT = "dwarf-with-dsym";
				ENABLE_NS_ASSERTIONS = NO;
				ENABLE_STRICT_OBJC_MSGSEND = YES;
				GCC_C_LANGUAGE_STANDARD = gnu11;
				GCC_NO_COMMON_BLOCKS = YES;
				GCC_WARN_64_TO_32_BIT_CONVERSION = YES;
				GCC_WARN_ABOUT_RETURN_TYPE = YES_ERROR;
				GCC_WARN_UNDECLARED_SELECTOR = YES;
				GCC_WARN_UNINITIALIZED_AUTOS = YES_AGGRESSIVE;
				GCC_WARN_UNUSED_FUNCTION = YES;
				GCC_WARN_UNUSED_VARIABLE = YES;
				IPHONEOS_DEPLOYMENT_TARGET = 12.1;
				MTL_ENABLE_DEBUG_INFO = NO;
				MTL_FAST_MATH = YES;
				SDKROOT = iphoneos;
				SWIFT_COMPILATION_MODE = wholemodule;
				SWIFT_OPTIMIZATION_LEVEL = "-O";
				VALIDATE_PRODUCT = YES;
			};
			name = Release;
		};
		8D7AE1E6224C4DF40058C652 /* Debug */ = {
			isa = XCBuildConfiguration;
			buildSettings = {
				ASSETCATALOG_COMPILER_APPICON_NAME = AppIcon;
				CODE_SIGN_STYLE = Automatic;
				DEVELOPMENT_TEAM = ZPFK5LZPBN;
				INFOPLIST_FILE = Parstagram/Info.plist;
				LD_RUNPATH_SEARCH_PATHS = (
					"$(inherited)",
					"@executable_path/Frameworks",
				);
				PRODUCT_BUNDLE_IDENTIFIER = "Joseph-Shimonov.Parstagram";
				PRODUCT_NAME = "$(TARGET_NAME)";
				SWIFT_VERSION = 4.2;
				TARGETED_DEVICE_FAMILY = "1,2";
			};
			name = Debug;
		};
		8D7AE1E7224C4DF40058C652 /* Release */ = {
			isa = XCBuildConfiguration;
			buildSettings = {
				ASSETCATALOG_COMPILER_APPICON_NAME = AppIcon;
				CODE_SIGN_STYLE = Automatic;
				DEVELOPMENT_TEAM = ZPFK5LZPBN;
				INFOPLIST_FILE = Parstagram/Info.plist;
				LD_RUNPATH_SEARCH_PATHS = (
					"$(inherited)",
					"@executable_path/Frameworks",
				);
				PRODUCT_BUNDLE_IDENTIFIER = "Joseph-Shimonov.Parstagram";
				PRODUCT_NAME = "$(TARGET_NAME)";
				SWIFT_VERSION = 4.2;
				TARGETED_DEVICE_FAMILY = "1,2";
			};
			name = Release;
		};
		8D7AE1E9224C4DF40058C652 /* Debug */ = {
			isa = XCBuildConfiguration;
			buildSettings = {
				ALWAYS_EMBED_SWIFT_STANDARD_LIBRARIES = YES;
				BUNDLE_LOADER = "$(TEST_HOST)";
				CODE_SIGN_STYLE = Automatic;
				DEVELOPMENT_TEAM = ZPFK5LZPBN;
				INFOPLIST_FILE = ParstagramTests/Info.plist;
				LD_RUNPATH_SEARCH_PATHS = (
					"$(inherited)",
					"@executable_path/Frameworks",
					"@loader_path/Frameworks",
				);
				PRODUCT_BUNDLE_IDENTIFIER = "Joseph-Shimonov.ParstagramTests";
				PRODUCT_NAME = "$(TARGET_NAME)";
				SWIFT_VERSION = 4.2;
				TARGETED_DEVICE_FAMILY = "1,2";
				TEST_HOST = "$(BUILT_PRODUCTS_DIR)/Parstagram.app/Parstagram";
			};
			name = Debug;
		};
		8D7AE1EA224C4DF40058C652 /* Release */ = {
			isa = XCBuildConfiguration;
			buildSettings = {
				ALWAYS_EMBED_SWIFT_STANDARD_LIBRARIES = YES;
				BUNDLE_LOADER = "$(TEST_HOST)";
				CODE_SIGN_STYLE = Automatic;
				DEVELOPMENT_TEAM = ZPFK5LZPBN;
				INFOPLIST_FILE = ParstagramTests/Info.plist;
				LD_RUNPATH_SEARCH_PATHS = (
					"$(inherited)",
					"@executable_path/Frameworks",
					"@loader_path/Frameworks",
				);
				PRODUCT_BUNDLE_IDENTIFIER = "Joseph-Shimonov.ParstagramTests";
				PRODUCT_NAME = "$(TARGET_NAME)";
				SWIFT_VERSION = 4.2;
				TARGETED_DEVICE_FAMILY = "1,2";
				TEST_HOST = "$(BUILT_PRODUCTS_DIR)/Parstagram.app/Parstagram";
			};
			name = Release;
		};
		8D7AE1EC224C4DF40058C652 /* Debug */ = {
			isa = XCBuildConfiguration;
			buildSettings = {
				ALWAYS_EMBED_SWIFT_STANDARD_LIBRARIES = YES;
				CODE_SIGN_STYLE = Automatic;
				DEVELOPMENT_TEAM = ZPFK5LZPBN;
				INFOPLIST_FILE = ParstagramUITests/Info.plist;
				LD_RUNPATH_SEARCH_PATHS = (
					"$(inherited)",
					"@executable_path/Frameworks",
					"@loader_path/Frameworks",
				);
				PRODUCT_BUNDLE_IDENTIFIER = "Joseph-Shimonov.ParstagramUITests";
				PRODUCT_NAME = "$(TARGET_NAME)";
				SWIFT_VERSION = 4.2;
				TARGETED_DEVICE_FAMILY = "1,2";
				TEST_TARGET_NAME = Parstagram;
			};
			name = Debug;
		};
		8D7AE1ED224C4DF40058C652 /* Release */ = {
			isa = XCBuildConfiguration;
			buildSettings = {
				ALWAYS_EMBED_SWIFT_STANDARD_LIBRARIES = YES;
				CODE_SIGN_STYLE = Automatic;
				DEVELOPMENT_TEAM = ZPFK5LZPBN;
				INFOPLIST_FILE = ParstagramUITests/Info.plist;
				LD_RUNPATH_SEARCH_PATHS = (
					"$(inherited)",
					"@executable_path/Frameworks",
					"@loader_path/Frameworks",
				);
				PRODUCT_BUNDLE_IDENTIFIER = "Joseph-Shimonov.ParstagramUITests";
				PRODUCT_NAME = "$(TARGET_NAME)";
				SWIFT_VERSION = 4.2;
				TARGETED_DEVICE_FAMILY = "1,2";
				TEST_TARGET_NAME = Parstagram;
			};
			name = Release;
		};
/* End XCBuildConfiguration section */

/* Begin XCConfigurationList section */
		8D7AE1B8224C4DF10058C652 /* Build configuration list for PBXProject "Parstagram" */ = {
			isa = XCConfigurationList;
			buildConfigurations = (
				8D7AE1E3224C4DF40058C652 /* Debug */,
				8D7AE1E4224C4DF40058C652 /* Release */,
			);
			defaultConfigurationIsVisible = 0;
			defaultConfigurationName = Release;
		};
		8D7AE1E5224C4DF40058C652 /* Build configuration list for PBXNativeTarget "Parstagram" */ = {
			isa = XCConfigurationList;
			buildConfigurations = (
				8D7AE1E6224C4DF40058C652 /* Debug */,
				8D7AE1E7224C4DF40058C652 /* Release */,
			);
			defaultConfigurationIsVisible = 0;
			defaultConfigurationName = Release;
		};
		8D7AE1E8224C4DF40058C652 /* Build configuration list for PBXNativeTarget "ParstagramTests" */ = {
			isa = XCConfigurationList;
			buildConfigurations = (
				8D7AE1E9224C4DF40058C652 /* Debug */,
				8D7AE1EA224C4DF40058C652 /* Release */,
			);
			defaultConfigurationIsVisible = 0;
			defaultConfigurationName = Release;
		};
		8D7AE1EB224C4DF40058C652 /* Build configuration list for PBXNativeTarget "ParstagramUITests" */ = {
			isa = XCConfigurationList;
			buildConfigurations = (
				8D7AE1EC224C4DF40058C652 /* Debug */,
				8D7AE1ED224C4DF40058C652 /* Release */,
			);
			defaultConfigurationIsVisible = 0;
			defaultConfigurationName = Release;
		};
/* End XCConfigurationList section */
	};
	rootObject = 8D7AE1B5224C4DF10058C652 /* Project object */;
}
