// !$*UTF8*$!
{
	archiveVersion = 1;
	classes = {
	};
	objectVersion = 50;
	objects = {

/* Begin PBXBuildFile section */
		59A87B411648FF872FE580C1 /* Pods_Parstagram.framework in Frameworks */ = {isa = PBXBuildFile; fileRef = 635B53C4FEF6124113851314 /* Pods_Parstagram.framework */; };
		7DC40AC689CFAB9893F93FFC /* Pods_ParstagramUITests.framework in Frameworks */ = {isa = PBXBuildFile; fileRef = 9EBC76BA813A6970626D4F9D /* Pods_ParstagramUITests.framework */; };
		8D7AE1C1224C4DF10058C652 /* AppDelegate.swift in Sources */ = {isa = PBXBuildFile; fileRef = 8D7AE1C0224C4DF10058C652 /* AppDelegate.swift */; };
		8D7AE1C6224C4DF10058C652 /* Main.storyboard in Resources */ = {isa = PBXBuildFile; fileRef = 8D7AE1C4224C4DF10058C652 /* Main.storyboard */; };
		8D7AE1C8224C4DF40058C652 /* Assets.xcassets in Resources */ = {isa = PBXBuildFile; fileRef = 8D7AE1C7224C4DF40058C652 /* Assets.xcassets */; };
		8D7AE1CB224C4DF40058C652 /* LaunchScreen.storyboard in Resources */ = {isa = PBXBuildFile; fileRef = 8D7AE1C9224C4DF40058C652 /* LaunchScreen.storyboard */; };
		8D7AE1D6224C4DF40058C652 /* ParstagramTests.swift in Sources */ = {isa = PBXBuildFile; fileRef = 8D7AE1D5224C4DF40058C652 /* ParstagramTests.swift */; };
		8D7AE1E1224C4DF40058C652 /* ParstagramUITests.swift in Sources */ = {isa = PBXBuildFile; fileRef = 8D7AE1E0224C4DF40058C652 /* ParstagramUITests.swift */; };
		8DB583BB224C5A730088385A /* LoginViewController.swift in Sources */ = {isa = PBXBuildFile; fileRef = 8DB583BA224C5A730088385A /* LoginViewController.swift */; };
		8DB583BD224C5AA30088385A /* FeedViewController.swift in Sources */ = {isa = PBXBuildFile; fileRef = 8DB583BC224C5AA30088385A /* FeedViewController.swift */; };
		8DB583BF224C68E70088385A /* CameraViewController.swift in Sources */ = {isa = PBXBuildFile; fileRef = 8DB583BE224C68E70088385A /* CameraViewController.swift */; };
		8DB583C1224C737E0088385A /* PostCell.swift in Sources */ = {isa = PBXBuildFile; fileRef = 8DB583C0224C737E0088385A /* PostCell.swift */; };
		8DCA302722517A130051DA7C /* CommentCell.swift in Sources */ = {isa = PBXBuildFile; fileRef = 8DCA302622517A130051DA7C /* CommentCell.swift */; };
		8DFC9D9F22B961AD00D8BE71 /* Colors.swift in Sources */ = {isa = PBXBuildFile; fileRef = 8DFC9D9E22B961AD00D8BE71 /* Colors.swift */; };
		8DFC9DA122B961E400D8BE71 /* UIViewExtension.swift in Sources */ = {isa = PBXBuildFile; fileRef = 8DFC9DA022B961E400D8BE71 /* UIViewExtension.swift */; };
		9E761AE3CCD8467F447892D5 /* Pods_ParstagramTests.framework in Frameworks */ = {isa = PBXBuildFile; fileRef = 1324F30C715706DC24CF6EA5 /* Pods_ParstagramTests.framework */; };
/* End PBXBuildFile section */

/* Begin PBXContainerItemProxy section */
		8D7AE1D2224C4DF40058C652 /* PBXContainerItemProxy */ = {
			isa = PBXContainerItemProxy;
			containerPortal = 8D7AE1B5224C4DF10058C652 /* Project object */;
			proxyType = 1;
			remoteGlobalIDString = 8D7AE1BC224C4DF10058C652;
			remoteInfo = Parstagram;
		};
		8D7AE1DD224C4DF40058C652 /* PBXContainerItemProxy */ = {
			isa = PBXContainerItemProxy;
			containerPortal = 8D7AE1B5224C4DF10058C652 /* Project object */;
			proxyType = 1;
			remoteGlobalIDString = 8D7AE1BC224C4DF10058C652;
			remoteInfo = Parstagram;
		};
/* End PBXContainerItemProxy section */

/* Begin PBXFileReference section */
		090237A79C0007E9DA78B9DD /* Pods-ParstagramTests.release.xcconfig */ = {isa = PBXFileReference; includeInIndex = 1; lastKnownFileType = text.xcconfig; name = "Pods-ParstagramTests.release.xcconfig"; path = "Target Support Files/Pods-ParstagramTests/Pods-ParstagramTests.release.xcconfig"; sourceTree = "<group>"; };
		1324F30C715706DC24CF6EA5 /* Pods_ParstagramTests.framework */ = {isa = PBXFileReference; explicitFileType = wrapper.framework; includeInIndex = 0; path = Pods_ParstagramTests.framework; sourceTree = BUILT_PRODUCTS_DIR; };
		1BBCBF0D2F6F3F2045293936 /* Pods-ParstagramTests.debug.xcconfig */ = {isa = PBXFileReference; includeInIndex = 1; lastKnownFileType = text.xcconfig; name = "Pods-ParstagramTests.debug.xcconfig"; path = "Target Support Files/Pods-ParstagramTests/Pods-ParstagramTests.debug.xcconfig"; sourceTree = "<group>"; };
		635B53C4FEF6124113851314 /* Pods_Parstagram.framework */ = {isa = PBXFileReference; explicitFileType = wrapper.framework; includeInIndex = 0; path = Pods_Parstagram.framework; sourceTree = BUILT_PRODUCTS_DIR; };
		8D7AE1BD224C4DF10058C652 /* Parstagram.app */ = {isa = PBXFileReference; explicitFileType = wrapper.application; includeInIndex = 0; path = Parstagram.app; sourceTree = BUILT_PRODUCTS_DIR; };
		8D7AE1C0224C4DF10058C652 /* AppDelegate.swift */ = {isa = PBXFileReference; lastKnownFileType = sourcecode.swift; path = AppDelegate.swift; sourceTree = "<group>"; };
		8D7AE1C5224C4DF10058C652 /* Base */ = {isa = PBXFileReference; lastKnownFileType = file.storyboard; name = Base; path = Base.lproj/Main.storyboard; sourceTree = "<group>"; };
		8D7AE1C7224C4DF40058C652 /* Assets.xcassets */ = {isa = PBXFileReference; lastKnownFileType = folder.assetcatalog; path = Assets.xcassets; sourceTree = "<group>"; };
		8D7AE1CA224C4DF40058C652 /* Base */ = {isa = PBXFileReference; lastKnownFileType = file.storyboard; name = Base; path = Base.lproj/LaunchScreen.storyboard; sourceTree = "<group>"; };
		8D7AE1CC224C4DF40058C652 /* Info.plist */ = {isa = PBXFileReference; lastKnownFileType = text.plist.xml; path = Info.plist; sourceTree = "<group>"; };
		8D7AE1D1224C4DF40058C652 /* ParstagramTests.xctest */ = {isa = PBXFileReference; explicitFileType = wrapper.cfbundle; includeInIndex = 0; path = ParstagramTests.xctest; sourceTree = BUILT_PRODUCTS_DIR; };
		8D7AE1D5224C4DF40058C652 /* ParstagramTests.swift */ = {isa = PBXFileReference; lastKnownFileType = sourcecode.swift; path = ParstagramTests.swift; sourceTree = "<group>"; };
		8D7AE1D7224C4DF40058C652 /* Info.plist */ = {isa = PBXFileReference; lastKnownFileType = text.plist.xml; path = Info.plist; sourceTree = "<group>"; };
		8D7AE1DC224C4DF40058C652 /* ParstagramUITests.xctest */ = {isa = PBXFileReference; explicitFileType = wrapper.cfbundle; includeInIndex = 0; path = ParstagramUITests.xctest; sourceTree = BUILT_PRODUCTS_DIR; };
		8D7AE1E0224C4DF40058C652 /* ParstagramUITests.swift */ = {isa = PBXFileReference; lastKnownFileType = sourcecode.swift; path = ParstagramUITests.swift; sourceTree = "<group>"; };
		8D7AE1E2224C4DF40058C652 /* Info.plist */ = {isa = PBXFileReference; lastKnownFileType = text.plist.xml; path = Info.plist; sourceTree = "<group>"; };
		8DB583BA224C5A730088385A /* LoginViewController.swift */ = {isa = PBXFileReference; lastKnownFileType = sourcecode.swift; path = LoginViewController.swift; sourceTree = "<group>"; };
		8DB583BC224C5AA30088385A /* FeedViewController.swift */ = {isa = PBXFileReference; lastKnownFileType = sourcecode.swift; path = FeedViewController.swift; sourceTree = "<group>"; };
		8DB583BE224C68E70088385A /* CameraViewController.swift */ = {isa = PBXFileReference; lastKnownFileType = sourcecode.swift; path = CameraViewController.swift; sourceTree = "<group>"; };
		8DB583C0224C737E0088385A /* PostCell.swift */ = {isa = PBXFileReference; lastKnownFileType = sourcecode.swift; path = PostCell.swift; sourceTree = "<group>"; };
		8DCA302622517A130051DA7C /* CommentCell.swift */ = {isa = PBXFileReference; lastKnownFileType = sourcecode.swift; path = CommentCell.swift; sourceTree = "<group>"; };
		8DFC9D9E22B961AD00D8BE71 /* Colors.swift */ = {isa = PBXFileReference; lastKnownFileType = sourcecode.swift; path = Colors.swift; sourceTree = "<group>"; };
		8DFC9DA022B961E400D8BE71 /* UIViewExtension.swift */ = {isa = PBXFileReference; lastKnownFileType = sourcecode.swift; path = UIViewExtension.swift; sourceTree = "<group>"; };
		9EBC76BA813A6970626D4F9D /* Pods_ParstagramUITests.framework */ = {isa = PBXFileReference; explicitFileType = wrapper.framework; includeInIndex = 0; path = Pods_ParstagramUITests.framework; sourceTree = BUILT_PRODUCTS_DIR; };
		C08D35309EA8D1D27468FC83 /* Pods-Parstagram.release.xcconfig */ = {isa = PBXFileReference; includeInIndex = 1; lastKnownFileType = text.xcconfig; name = "Pods-Parstagram.release.xcconfig"; path = "Target Support Files/Pods-Parstagram/Pods-Parstagram.release.xcconfig"; sourceTree = "<group>"; };
		CCFBBCC55913A255386418A7 /* Pods-ParstagramUITests.debug.xcconfig */ = {isa = PBXFileReference; includeInIndex = 1; lastKnownFileType = text.xcconfig; name = "Pods-ParstagramUITests.debug.xcconfig"; path = "Target Support Files/Pods-ParstagramUITests/Pods-ParstagramUITests.debug.xcconfig"; sourceTree = "<group>"; };
		E82689A06314FEB169E7841A /* Pods-Parstagram.debug.xcconfig */ = {isa = PBXFileReference; includeInIndex = 1; lastKnownFileType = text.xcconfig; name = "Pods-Parstagram.debug.xcconfig"; path = "Target Support Files/Pods-Parstagram/Pods-Parstagram.debug.xcconfig"; sourceTree = "<group>"; };
		F16460EF151DB1B58C0A510A /* Pods-ParstagramUITests.release.xcconfig */ = {isa = PBXFileReference; includeInIndex = 1; lastKnownFileType = text.xcconfig; name = "Pods-ParstagramUITests.release.xcconfig"; path = "Target Support Files/Pods-ParstagramUITests/Pods-ParstagramUITests.release.xcconfig"; sourceTree = "<group>"; };
/* End PBXFileReference section */

/* Begin PBXFrameworksBuildPhase section */
		8D7AE1BA224C4DF10058C652 /* Frameworks */ = {
			isa = PBXFrameworksBuildPhase;
			buildActionMask = 2147483647;
			files = (
				59A87B411648FF872FE580C1 /* Pods_Parstagram.framework in Frameworks */,
			);
			runOnlyForDeploymentPostprocessing = 0;
		};
		8D7AE1CE224C4DF40058C652 /* Frameworks */ = {
			isa = PBXFrameworksBuildPhase;
			buildActionMask = 2147483647;
			files = (
				9E761AE3CCD8467F447892D5 /* Pods_ParstagramTests.framework in Frameworks */,
			);
			runOnlyForDeploymentPostprocessing = 0;
		};
		8D7AE1D9224C4DF40058C652 /* Frameworks */ = {
			isa = PBXFrameworksBuildPhase;
			buildActionMask = 2147483647;
			files = (
				7DC40AC689CFAB9893F93FFC /* Pods_ParstagramUITests.framework in Frameworks */,
			);
			runOnlyForDeploymentPostprocessing = 0;
		};
/* End PBXFrameworksBuildPhase section */

/* Begin PBXGroup section */
		703A7D8055E3CAC3D483A6CA /* Frameworks */ = {
			isa = PBXGroup;
			children = (
				635B53C4FEF6124113851314 /* Pods_Parstagram.framework */,
				1324F30C715706DC24CF6EA5 /* Pods_ParstagramTests.framework */,
				9EBC76BA813A6970626D4F9D /* Pods_ParstagramUITests.framework */,
			);
			name = Frameworks;
			sourceTree = "<group>";
		};
		8D7AE1B4224C4DF10058C652 = {
			isa = PBXGroup;
			children = (
				8D7AE1BF224C4DF10058C652 /* Parstagram */,
				8D7AE1D4224C4DF40058C652 /* ParstagramTests */,
				8D7AE1DF224C4DF40058C652 /* ParstagramUITests */,
				8D7AE1BE224C4DF10058C652 /* Products */,
				DC838D0492A892589F673EBC /* Pods */,
				703A7D8055E3CAC3D483A6CA /* Frameworks */,
			);
			sourceTree = "<group>";
		};
		8D7AE1BE224C4DF10058C652 /* Products */ = {
			isa = PBXGroup;
			children = (
				8D7AE1BD224C4DF10058C652 /* Parstagram.app */,
				8D7AE1D1224C4DF40058C652 /* ParstagramTests.xctest */,
				8D7AE1DC224C4DF40058C652 /* ParstagramUITests.xctest */,
			);
			name = Products;
			sourceTree = "<group>";
		};
		8D7AE1BF224C4DF10058C652 /* Parstagram */ = {
			isa = PBXGroup;
			children = (
				8D7AE1C0224C4DF10058C652 /* AppDelegate.swift */,
				8D7AE1C4224C4DF10058C652 /* Main.storyboard */,
				8D7AE1C7224C4DF40058C652 /* Assets.xcassets */,
				8D7AE1C9224C4DF40058C652 /* LaunchScreen.storyboard */,
				8D7AE1CC224C4DF40058C652 /* Info.plist */,
				8DB583BA224C5A730088385A /* LoginViewController.swift */,
				8DB583BC224C5AA30088385A /* FeedViewController.swift */,
				8DB583BE224C68E70088385A /* CameraViewController.swift */,
				8DB583C0224C737E0088385A /* PostCell.swift */,
				8DCA302622517A130051DA7C /* CommentCell.swift */,
				8DFC9D9E22B961AD00D8BE71 /* Colors.swift */,
				8DFC9DA022B961E400D8BE71 /* UIViewExtension.swift */,
			);
			path = Parstagram;
			sourceTree = "<group>";
		};
		8D7AE1D4224C4DF40058C652 /* ParstagramTests */ = {
			isa = PBXGroup;
			children = (
				8D7AE1D5224C4DF40058C652 /* ParstagramTests.swift */,
				8D7AE1D7224C4DF40058C652 /* Info.plist */,
			);
			path = ParstagramTests;
			sourceTree = "<group>";
		};
		8D7AE1DF224C4DF40058C652 /* ParstagramUITests */ = {
			isa = PBXGroup;
			children = (
				8D7AE1E0224C4DF40058C652 /* ParstagramUITests.swift */,
				8D7AE1E2224C4DF40058C652 /* Info.plist */,
			);
			path = ParstagramUITests;
			sourceTree = "<group>";
		};
		DC838D0492A892589F673EBC /* Pods */ = {
			isa = PBXGroup;
			children = (
				E82689A06314FEB169E7841A /* Pods-Parstagram.debug.xcconfig */,
				C08D35309EA8D1D27468FC83 /* Pods-Parstagram.release.xcconfig */,
				1BBCBF0D2F6F3F2045293936 /* Pods-ParstagramTests.debug.xcconfig */,
				090237A79C0007E9DA78B9DD /* Pods-ParstagramTests.release.xcconfig */,
				CCFBBCC55913A255386418A7 /* Pods-ParstagramUITests.debug.xcconfig */,
				F16460EF151DB1B58C0A510A /* Pods-ParstagramUITests.release.xcconfig */,
			);
			path = Pods;
			sourceTree = "<group>";
		};
/* End PBXGroup section */

/* Begin PBXNativeTarget section */
		8D7AE1BC224C4DF10058C652 /* Parstagram */ = {
			isa = PBXNativeTarget;
			buildConfigurationList = 8D7AE1E5224C4DF40058C652 /* Build configuration list for PBXNativeTarget "Parstagram" */;
			buildPhases = (
				2B4FA1D16974F9E45A7C0799 /* [CP] Check Pods Manifest.lock */,
				8D7AE1B9224C4DF10058C652 /* Sources */,
				8D7AE1BA224C4DF10058C652 /* Frameworks */,
				8D7AE1BB224C4DF10058C652 /* Resources */,
				A7B2DAE319CE25DCA1363897 /* [CP] Embed Pods Frameworks */,
			);
			buildRules = (
			);
			dependencies = (
			);
			name = Parstagram;
			productName = Parstagram;
			productReference = 8D7AE1BD224C4DF10058C652 /* Parstagram.app */;
			productType = "com.apple.product-type.application";
		};
		8D7AE1D0224C4DF40058C652 /* ParstagramTests */ = {
			isa = PBXNativeTarget;
			buildConfigurationList = 8D7AE1E8224C4DF40058C652 /* Build configuration list for PBXNativeTarget "ParstagramTests" */;
			buildPhases = (
				C9F8DD51C7FEDA30AEE4C3F3 /* [CP] Check Pods Manifest.lock */,
				8D7AE1CD224C4DF40058C652 /* Sources */,
				8D7AE1CE224C4DF40058C652 /* Frameworks */,
				8D7AE1CF224C4DF40058C652 /* Resources */,
			);
			buildRules = (
			);
			dependencies = (
				8D7AE1D3224C4DF40058C652 /* PBXTargetDependency */,
			);
			name = ParstagramTests;
			productName = ParstagramTests;
			productReference = 8D7AE1D1224C4DF40058C652 /* ParstagramTests.xctest */;
			productType = "com.apple.product-type.bundle.unit-test";
		};
		8D7AE1DB224C4DF40058C652 /* ParstagramUITests */ = {
			isa = PBXNativeTarget;
			buildConfigurationList = 8D7AE1EB224C4DF40058C652 /* Build configuration list for PBXNativeTarget "ParstagramUITests" */;
			buildPhases = (
				741F742F5CB81325B4C1CA9A /* [CP] Check Pods Manifest.lock */,
				8D7AE1D8224C4DF40058C652 /* Sources */,
				8D7AE1D9224C4DF40058C652 /* Frameworks */,
				8D7AE1DA224C4DF40058C652 /* Resources */,
			);
			buildRules = (
			);
			dependencies = (
				8D7AE1DE224C4DF40058C652 /* PBXTargetDependency */,
			);
			name = ParstagramUITests;
			productName = ParstagramUITests;
			productReference = 8D7AE1DC224C4DF40058C652 /* ParstagramUITests.xctest */;
			productType = "com.apple.product-type.bundle.ui-testing";
		};
/* End PBXNativeTarget section */

/* Begin PBXProject section */
		8D7AE1B5224C4DF10058C652 /* Project object */ = {
			isa = PBXProject;
			attributes = {
				LastSwiftUpdateCheck = 1010;
				LastUpgradeCheck = 1010;
				ORGANIZATIONNAME = "Joseph Shimonov";
				TargetAttributes = {
					8D7AE1BC224C4DF10058C652 = {
						CreatedOnToolsVersion = 10.1;
					};
					8D7AE1D0224C4DF40058C652 = {
						CreatedOnToolsVersion = 10.1;
						TestTargetID = 8D7AE1BC224C4DF10058C652;
					};
					8D7AE1DB224C4DF40058C652 = {
						CreatedOnToolsVersion = 10.1;
						TestTargetID = 8D7AE1BC224C4DF10058C652;
					};
				};
			};
			buildConfigurationList = 8D7AE1B8224C4DF10058C652 /* Build configuration list for PBXProject "Parstagram" */;
			compatibilityVersion = "Xcode 9.3";
			developmentRegion = en;
			hasScannedForEncodings = 0;
			knownRegions = (
				en,
				Base,
			);
			mainGroup = 8D7AE1B4224C4DF10058C652;
			productRefGroup = 8D7AE1BE224C4DF10058C652 /* Products */;
			projectDirPath = "";
			projectRoot = "";
			targets = (
				8D7AE1BC224C4DF10058C652 /* Parstagram */,
				8D7AE1D0224C4DF40058C652 /* ParstagramTests */,
				8D7AE1DB224C4DF40058C652 /* ParstagramUITests */,
			);
		};
/* End PBXProject section */

/* Begin PBXResourcesBuildPhase section */
		8D7AE1BB224C4DF10058C652 /* Resources */ = {
			isa = PBXResourcesBuildPhase;
			buildActionMask = 2147483647;
			files = (
				8D7AE1CB224C4DF40058C652 /* LaunchScreen.storyboard in Resources */,
				8D7AE1C8224C4DF40058C652 /* Assets.xcassets in Resources */,
				8D7AE1C6224C4DF10058C652 /* Main.storyboard in Resources */,
			);
			runOnlyForDeploymentPostprocessing = 0;
		};
		8D7AE1CF224C4DF40058C652 /* Resources */ = {
			isa = PBXResourcesBuildPhase;
			buildActionMask = 2147483647;
			files = (
			);
			runOnlyForDeploymentPostprocessing = 0;
		};
		8D7AE1DA224C4DF40058C652 /* Resources */ = {
			isa = PBXResourcesBuildPhase;
			buildActionMask = 2147483647;
			files = (
			);
			runOnlyForDeploymentPostprocessing = 0;
		};
/* End PBXResourcesBuildPhase section */

/* Begin PBXShellScriptBuildPhase section */
		2B4FA1D16974F9E45A7C0799 /* [CP] Check Pods Manifest.lock */ = {
			isa = PBXShellScriptBuildPhase;
			buildActionMask = 2147483647;
			files = (
			);
			inputFileListPaths = (
			);
			inputPaths = (
				"${PODS_PODFILE_DIR_PATH}/Podfile.lock",
				"${PODS_ROOT}/Manifest.lock",
			);
			name = "[CP] Check Pods Manifest.lock";
			outputFileListPaths = (
			);
			outputPaths = (
				"$(DERIVED_FILE_DIR)/Pods-Parstagram-checkManifestLockResult.txt",
			);
			runOnlyForDeploymentPostprocessing = 0;
			shellPath = /bin/sh;
			shellScript = "diff \"${PODS_PODFILE_DIR_PATH}/Podfile.lock\" \"${PODS_ROOT}/Manifest.lock\" > /dev/null\nif [ $? != 0 ] ; then\n    # print error to STDERR\n    echo \"error: The sandbox is not in sync with the Podfile.lock. Run 'pod install' or update your CocoaPods installation.\" >&2\n    exit 1\nfi\n# This output is used by Xcode 'outputs' to avoid re-running this script phase.\necho \"SUCCESS\" > \"${SCRIPT_OUTPUT_FILE_0}\"\n";
			showEnvVarsInLog = 0;
		};
		741F742F5CB81325B4C1CA9A /* [CP] Check Pods Manifest.lock */ = {
			isa = PBXShellScriptBuildPhase;
			buildActionMask = 2147483647;
			files = (
			);
			inputFileListPaths = (
			);
			inputPaths = (
				"${PODS_PODFILE_DIR_PATH}/Podfile.lock",
				"${PODS_ROOT}/Manifest.lock",
			);
			name = "[CP] Check Pods Manifest.lock";
			outputFileListPaths = (
			);
			outputPaths = (
				"$(DERIVED_FILE_DIR)/Pods-ParstagramUITests-checkManifestLockResult.txt",
			);
			runOnlyForDeploymentPostprocessing = 0;
			shellPath = /bin/sh;
			shellScript = "diff \"${PODS_PODFILE_DIR_PATH}/Podfile.lock\" \"${PODS_ROOT}/Manifest.lock\" > /dev/null\nif [ $? != 0 ] ; then\n    # print error to STDERR\n    echo \"error: The sandbox is not in sync with the Podfile.lock. Run 'pod install' or update your CocoaPods installation.\" >&2\n    exit 1\nfi\n# This output is used by Xcode 'outputs' to avoid re-running this script phase.\necho \"SUCCESS\" > \"${SCRIPT_OUTPUT_FILE_0}\"\n";
			showEnvVarsInLog = 0;
		};
		A7B2DAE319CE25DCA1363897 /* [CP] Embed Pods Frameworks */ = {
			isa = PBXShellScriptBuildPhase;
			buildActionMask = 2147483647;
			files = (
			);
			inputFileListPaths = (
			);
			inputPaths = (
				"${PODS_ROOT}/Target Support Files/Pods-Parstagram/Pods-Parstagram-frameworks.sh",
				"${BUILT_PRODUCTS_DIR}/Alamofire/Alamofire.framework",
				"${BUILT_PRODUCTS_DIR}/AlamofireImage/AlamofireImage.framework",
				"${BUILT_PRODUCTS_DIR}/Bolts/Bolts.framework",
				"${BUILT_PRODUCTS_DIR}/MessageInputBar/MessageInputBar.framework",
				"${BUILT_PRODUCTS_DIR}/Parse/Parse.framework",
			);
			name = "[CP] Embed Pods Frameworks";
			outputFileListPaths = (
			);
			outputPaths = (
				"${TARGET_BUILD_DIR}/${FRAMEWORKS_FOLDER_PATH}/Alamofire.framework",
				"${TARGET_BUILD_DIR}/${FRAMEWORKS_FOLDER_PATH}/AlamofireImage.framework",
				"${TARGET_BUILD_DIR}/${FRAMEWORKS_FOLDER_PATH}/Bolts.framework",
				"${TARGET_BUILD_DIR}/${FRAMEWORKS_FOLDER_PATH}/MessageInputBar.framework",
				"${TARGET_BUILD_DIR}/${FRAMEWORKS_FOLDER_PATH}/Parse.framework",
			);
			runOnlyForDeploymentPostprocessing = 0;
			shellPath = /bin/sh;
			shellScript = "\"${PODS_ROOT}/Target Support Files/Pods-Parstagram/Pods-Parstagram-frameworks.sh\"\n";
			showEnvVarsInLog = 0;
		};
		C9F8DD51C7FEDA30AEE4C3F3 /* [CP] Check Pods Manifest.lock */ = {
			isa = PBXShellScriptBuildPhase;
			buildActionMask = 2147483647;
			files = (
			);
			inputFileListPaths = (
			);
			inputPaths = (
				"${PODS_PODFILE_DIR_PATH}/Podfile.lock",
				"${PODS_ROOT}/Manifest.lock",
			);
			name = "[CP] Check Pods Manifest.lock";
			outputFileListPaths = (
			);
			outputPaths = (
				"$(DERIVED_FILE_DIR)/Pods-ParstagramTests-checkManifestLockResult.txt",
			);
			runOnlyForDeploymentPostprocessing = 0;
			shellPath = /bin/sh;
			shellScript = "diff \"${PODS_PODFILE_DIR_PATH}/Podfile.lock\" \"${PODS_ROOT}/Manifest.lock\" > /dev/null\nif [ $? != 0 ] ; then\n    # print error to STDERR\n    echo \"error: The sandbox is not in sync with the Podfile.lock. Run 'pod install' or update your CocoaPods installation.\" >&2\n    exit 1\nfi\n# This output is used by Xcode 'outputs' to avoid re-running this script phase.\necho \"SUCCESS\" > \"${SCRIPT_OUTPUT_FILE_0}\"\n";
			showEnvVarsInLog = 0;
		};
/* End PBXShellScriptBuildPhase section */

/* Begin PBXSourcesBuildPhase section */
		8D7AE1B9224C4DF10058C652 /* Sources */ = {
			isa = PBXSourcesBuildPhase;
			buildActionMask = 2147483647;
			files = (
				8DB583BB224C5A730088385A /* LoginViewController.swift in Sources */,
				8DB583BF224C68E70088385A /* CameraViewController.swift in Sources */,
				8DB583BD224C5AA30088385A /* FeedViewController.swift in Sources */,
				8DFC9D9F22B961AD00D8BE71 /* Colors.swift in Sources */,
				8D7AE1C1224C4DF10058C652 /* AppDelegate.swift in Sources */,
				8DB583C1224C737E0088385A /* PostCell.swift in Sources */,
				8DFC9DA122B961E400D8BE71 /* UIViewExtension.swift in Sources */,
				8DCA302722517A130051DA7C /* CommentCell.swift in Sources */,
			);
			runOnlyForDeploymentPostprocessing = 0;
		};
		8D7AE1CD224C4DF40058C652 /* Sources */ = {
			isa = PBXSourcesBuildPhase;
			buildActionMask = 2147483647;
			files = (
				8D7AE1D6224C4DF40058C652 /* ParstagramTests.swift in Sources */,
			);
			runOnlyForDeploymentPostprocessing = 0;
		};
		8D7AE1D8224C4DF40058C652 /* Sources */ = {
			isa = PBXSourcesBuildPhase;
			buildActionMask = 2147483647;
			files = (
				8D7AE1E1224C4DF40058C652 /* ParstagramUITests.swift in Sources */,
			);
			runOnlyForDeploymentPostprocessing = 0;
		};
/* End PBXSourcesBuildPhase section */

/* Begin PBXTargetDependency section */
		8D7AE1D3224C4DF40058C652 /* PBXTargetDependency */ = {
			isa = PBXTargetDependency;
			target = 8D7AE1BC224C4DF10058C652 /* Parstagram */;
			targetProxy = 8D7AE1D2224C4DF40058C652 /* PBXContainerItemProxy */;
		};
		8D7AE1DE224C4DF40058C652 /* PBXTargetDependency */ = {
			isa = PBXTargetDependency;
			target = 8D7AE1BC224C4DF10058C652 /* Parstagram */;
			targetProxy = 8D7AE1DD224C4DF40058C652 /* PBXContainerItemProxy */;
		};
/* End PBXTargetDependency section */

/* Begin PBXVariantGroup section */
		8D7AE1C4224C4DF10058C652 /* Main.storyboard */ = {
			isa = PBXVariantGroup;
			children = (
				8D7AE1C5224C4DF10058C652 /* Base */,
			);
			name = Main.storyboard;
			sourceTree = "<group>";
		};
		8D7AE1C9224C4DF40058C652 /* LaunchScreen.storyboard */ = {
			isa = PBXVariantGroup;
			children = (
				8D7AE1CA224C4DF40058C652 /* Base */,
			);
			name = LaunchScreen.storyboard;
			sourceTree = "<group>";
		};
/* End PBXVariantGroup section */

/* Begin XCBuildConfiguration section */
		8D7AE1E3224C4DF40058C652 /* Debug */ = {
			isa = XCBuildConfiguration;
			buildSettings = {
				ALWAYS_SEARCH_USER_PATHS = NO;
				CLANG_ANALYZER_NONNULL = YES;
				CLANG_ANALYZER_NUMBER_OBJECT_CONVERSION = YES_AGGRESSIVE;
				CLANG_CXX_LANGUAGE_STANDARD = "gnu++14";
				CLANG_CXX_LIBRARY = "libc++";
				CLANG_ENABLE_MODULES = YES;
				CLANG_ENABLE_OBJC_ARC = YES;
				CLANG_ENABLE_OBJC_WEAK = YES;
				CLANG_WARN_BLOCK_CAPTURE_AUTORELEASING = YES;
				CLANG_WARN_BOOL_CONVERSION = YES;
				CLANG_WARN_COMMA = YES;
				CLANG_WARN_CONSTANT_CONVERSION = YES;
				CLANG_WARN_DEPRECATED_OBJC_IMPLEMENTATIONS = YES;
				CLANG_WARN_DIRECT_OBJC_ISA_USAGE = YES_ERROR;
				CLANG_WARN_DOCUMENTATION_COMMENTS = YES;
				CLANG_WARN_EMPTY_BODY = YES;
				CLANG_WARN_ENUM_CONVERSION = YES;
				CLANG_WARN_INFINITE_RECURSION = YES;
				CLANG_WARN_INT_CONVERSION = YES;
				CLANG_WARN_NON_LITERAL_NULL_CONVERSION = YES;
				CLANG_WARN_OBJC_IMPLICIT_RETAIN_SELF = YES;
				CLANG_WARN_OBJC_LITERAL_CONVERSION = YES;
				CLANG_WARN_OBJC_ROOT_CLASS = YES_ERROR;
				CLANG_WARN_RANGE_LOOP_ANALYSIS = YES;
				CLANG_WARN_STRICT_PROTOTYPES = YES;
				CLANG_WARN_SUSPICIOUS_MOVE = YES;
				CLANG_WARN_UNGUARDED_AVAILABILITY = YES_AGGRESSIVE;
				CLANG_WARN_UNREACHABLE_CODE = YES;
				CLANG_WARN__DUPLICATE_METHOD_MATCH = YES;
				CODE_SIGN_IDENTITY = "iPhone Developer";
				COPY_PHASE_STRIP = NO;
				DEBUG_INFORMATION_FORMAT = dwarf;
				ENABLE_STRICT_OBJC_MSGSEND = YES;
				ENABLE_TESTABILITY = YES;
				GCC_C_LANGUAGE_STANDARD = gnu11;
				GCC_DYNAMIC_NO_PIC = NO;
				GCC_NO_COMMON_BLOCKS = YES;
				GCC_OPTIMIZATION_LEVEL = 0;
				GCC_PREPROCESSOR_DEFINITIONS = (
					"DEBUG=1",
					"$(inherited)",
				);
				GCC_WARN_64_TO_32_BIT_CONVERSION = YES;
				GCC_WARN_ABOUT_RETURN_TYPE = YES_ERROR;
				GCC_WARN_UNDECLARED_SELECTOR = YES;
				GCC_WARN_UNINITIALIZED_AUTOS = YES_AGGRESSIVE;
				GCC_WARN_UNUSED_FUNCTION = YES;
				GCC_WARN_UNUSED_VARIABLE = YES;
				IPHONEOS_DEPLOYMENT_TARGET = 12.1;
				MTL_ENABLE_DEBUG_INFO = INCLUDE_SOURCE;
				MTL_FAST_MATH = YES;
				ONLY_ACTIVE_ARCH = YES;
				SDKROOT = iphoneos;
				SWIFT_ACTIVE_COMPILATION_CONDITIONS = DEBUG;
				SWIFT_OPTIMIZATION_LEVEL = "-Onone";
			};
			name = Debug;
		};
		8D7AE1E4224C4DF40058C652 /* Release */ = {
			isa = XCBuildConfiguration;
			buildSettings = {
				ALWAYS_SEARCH_USER_PATHS = NO;
				CLANG_ANALYZER_NONNULL = YES;
				CLANG_ANALYZER_NUMBER_OBJECT_CONVERSION = YES_AGGRESSIVE;
				CLANG_CXX_LANGUAGE_STANDARD = "gnu++14";
				CLANG_CXX_LIBRARY = "libc++";
				CLANG_ENABLE_MODULES = YES;
				CLANG_ENABLE_OBJC_ARC = YES;
				CLANG_ENABLE_OBJC_WEAK = YES;
				CLANG_WARN_BLOCK_CAPTURE_AUTORELEASING = YES;
				CLANG_WARN_BOOL_CONVERSION = YES;
				CLANG_WARN_COMMA = YES;
				CLANG_WARN_CONSTANT_CONVERSION = YES;
				CLANG_WARN_DEPRECATED_OBJC_IMPLEMENTATIONS = YES;
				CLANG_WARN_DIRECT_OBJC_ISA_USAGE = YES_ERROR;
				CLANG_WARN_DOCUMENTATION_COMMENTS = YES;
				CLANG_WARN_EMPTY_BODY = YES;
				CLANG_WARN_ENUM_CONVERSION = YES;
				CLANG_WARN_INFINITE_RECURSION = YES;
				CLANG_WARN_INT_CONVERSION = YES;
				CLANG_WARN_NON_LITERAL_NULL_CONVERSION = YES;
				CLANG_WARN_OBJC_IMPLICIT_RETAIN_SELF = YES;
				CLANG_WARN_OBJC_LITERAL_CONVERSION = YES;
				CLANG_WARN_OBJC_ROOT_CLASS = YES_ERROR;
				CLANG_WARN_RANGE_LOOP_ANALYSIS = YES;
				CLANG_WARN_STRICT_PROTOTYPES = YES;
				CLANG_WARN_SUSPICIOUS_MOVE = YES;
				CLANG_WARN_UNGUARDED_AVAILABILITY = YES_AGGRESSIVE;
				CLANG_WARN_UNREACHABLE_CODE = YES;
				CLANG_WARN__DUPLICATE_METHOD_MATCH = YES;
				CODE_SIGN_IDENTITY = "iPhone Developer";
				COPY_PHASE_STRIP = NO;
				DEBUG_INFORMATION_FORMAT = "dwarf-with-dsym";
				ENABLE_NS_ASSERTIONS = NO;
				ENABLE_STRICT_OBJC_MSGSEND = YES;
				GCC_C_LANGUAGE_STANDARD = gnu11;
				GCC_NO_COMMON_BLOCKS = YES;
				GCC_WARN_64_TO_32_BIT_CONVERSION = YES;
				GCC_WARN_ABOUT_RETURN_TYPE = YES_ERROR;
				GCC_WARN_UNDECLARED_SELECTOR = YES;
				GCC_WARN_UNINITIALIZED_AUTOS = YES_AGGRESSIVE;
				GCC_WARN_UNUSED_FUNCTION = YES;
				GCC_WARN_UNUSED_VARIABLE = YES;
				IPHONEOS_DEPLOYMENT_TARGET = 12.1;
				MTL_ENABLE_DEBUG_INFO = NO;
				MTL_FAST_MATH = YES;
				SDKROOT = iphoneos;
				SWIFT_COMPILATION_MODE = wholemodule;
				SWIFT_OPTIMIZATION_LEVEL = "-O";
				VALIDATE_PRODUCT = YES;
			};
			name = Release;
		};
		8D7AE1E6224C4DF40058C652 /* Debug */ = {
			isa = XCBuildConfiguration;
			baseConfigurationReference = E82689A06314FEB169E7841A /* Pods-Parstagram.debug.xcconfig */;
			buildSettings = {
				ASSETCATALOG_COMPILER_APPICON_NAME = AppIcon;
				CODE_SIGN_STYLE = Automatic;
				DEVELOPMENT_TEAM = ZPFK5LZPBN;
				INFOPLIST_FILE = Parstagram/Info.plist;
				LD_RUNPATH_SEARCH_PATHS = (
					"$(inherited)",
					"@executable_path/Frameworks",
				);
				PRODUCT_BUNDLE_IDENTIFIER = "Joseph-Shimonov.Parstagram";
				PRODUCT_NAME = "$(TARGET_NAME)";
				SWIFT_VERSION = 4.2;
				TARGETED_DEVICE_FAMILY = "1,2";
			};
			name = Debug;
		};
		8D7AE1E7224C4DF40058C652 /* Release */ = {
			isa = XCBuildConfiguration;
			baseConfigurationReference = C08D35309EA8D1D27468FC83 /* Pods-Parstagram.release.xcconfig */;
			buildSettings = {
				ASSETCATALOG_COMPILER_APPICON_NAME = AppIcon;
				CODE_SIGN_STYLE = Automatic;
				DEVELOPMENT_TEAM = ZPFK5LZPBN;
				INFOPLIST_FILE = Parstagram/Info.plist;
				LD_RUNPATH_SEARCH_PATHS = (
					"$(inherited)",
					"@executable_path/Frameworks",
				);
				PRODUCT_BUNDLE_IDENTIFIER = "Joseph-Shimonov.Parstagram";
				PRODUCT_NAME = "$(TARGET_NAME)";
				SWIFT_VERSION = 4.2;
				TARGETED_DEVICE_FAMILY = "1,2";
			};
			name = Release;
		};
		8D7AE1E9224C4DF40058C652 /* Debug */ = {
			isa = XCBuildConfiguration;
			baseConfigurationReference = 1BBCBF0D2F6F3F2045293936 /* Pods-ParstagramTests.debug.xcconfig */;
			buildSettings = {
				ALWAYS_EMBED_SWIFT_STANDARD_LIBRARIES = YES;
				BUNDLE_LOADER = "$(TEST_HOST)";
				CODE_SIGN_STYLE = Automatic;
				DEVELOPMENT_TEAM = ZPFK5LZPBN;
				INFOPLIST_FILE = ParstagramTests/Info.plist;
				LD_RUNPATH_SEARCH_PATHS = (
					"$(inherited)",
					"@executable_path/Frameworks",
					"@loader_path/Frameworks",
				);
				PRODUCT_BUNDLE_IDENTIFIER = "Joseph-Shimonov.ParstagramTests";
				PRODUCT_NAME = "$(TARGET_NAME)";
				SWIFT_VERSION = 4.2;
				TARGETED_DEVICE_FAMILY = "1,2";
				TEST_HOST = "$(BUILT_PRODUCTS_DIR)/Parstagram.app/Parstagram";
			};
			name = Debug;
		};
		8D7AE1EA224C4DF40058C652 /* Release */ = {
			isa = XCBuildConfiguration;
			baseConfigurationReference = 090237A79C0007E9DA78B9DD /* Pods-ParstagramTests.release.xcconfig */;
			buildSettings = {
				ALWAYS_EMBED_SWIFT_STANDARD_LIBRARIES = YES;
				BUNDLE_LOADER = "$(TEST_HOST)";
				CODE_SIGN_STYLE = Automatic;
				DEVELOPMENT_TEAM = ZPFK5LZPBN;
				INFOPLIST_FILE = ParstagramTests/Info.plist;
				LD_RUNPATH_SEARCH_PATHS = (
					"$(inherited)",
					"@executable_path/Frameworks",
					"@loader_path/Frameworks",
				);
				PRODUCT_BUNDLE_IDENTIFIER = "Joseph-Shimonov.ParstagramTests";
				PRODUCT_NAME = "$(TARGET_NAME)";
				SWIFT_VERSION = 4.2;
				TARGETED_DEVICE_FAMILY = "1,2";
				TEST_HOST = "$(BUILT_PRODUCTS_DIR)/Parstagram.app/Parstagram";
			};
			name = Release;
		};
		8D7AE1EC224C4DF40058C652 /* Debug */ = {
			isa = XCBuildConfiguration;
			baseConfigurationReference = CCFBBCC55913A255386418A7 /* Pods-ParstagramUITests.debug.xcconfig */;
			buildSettings = {
				ALWAYS_EMBED_SWIFT_STANDARD_LIBRARIES = YES;
				CODE_SIGN_STYLE = Automatic;
				DEVELOPMENT_TEAM = ZPFK5LZPBN;
				INFOPLIST_FILE = ParstagramUITests/Info.plist;
				LD_RUNPATH_SEARCH_PATHS = (
					"$(inherited)",
					"@executable_path/Frameworks",
					"@loader_path/Frameworks",
				);
				PRODUCT_BUNDLE_IDENTIFIER = "Joseph-Shimonov.ParstagramUITests";
				PRODUCT_NAME = "$(TARGET_NAME)";
				SWIFT_VERSION = 4.2;
				TARGETED_DEVICE_FAMILY = "1,2";
				TEST_TARGET_NAME = Parstagram;
			};
			name = Debug;
		};
		8D7AE1ED224C4DF40058C652 /* Release */ = {
			isa = XCBuildConfiguration;
			baseConfigurationReference = F16460EF151DB1B58C0A510A /* Pods-ParstagramUITests.release.xcconfig */;
			buildSettings = {
				ALWAYS_EMBED_SWIFT_STANDARD_LIBRARIES = YES;
				CODE_SIGN_STYLE = Automatic;
				DEVELOPMENT_TEAM = ZPFK5LZPBN;
				INFOPLIST_FILE = ParstagramUITests/Info.plist;
				LD_RUNPATH_SEARCH_PATHS = (
					"$(inherited)",
					"@executable_path/Frameworks",
					"@loader_path/Frameworks",
				);
				PRODUCT_BUNDLE_IDENTIFIER = "Joseph-Shimonov.ParstagramUITests";
				PRODUCT_NAME = "$(TARGET_NAME)";
				SWIFT_VERSION = 4.2;
				TARGETED_DEVICE_FAMILY = "1,2";
				TEST_TARGET_NAME = Parstagram;
			};
			name = Release;
		};
/* End XCBuildConfiguration section */

/* Begin XCConfigurationList section */
		8D7AE1B8224C4DF10058C652 /* Build configuration list for PBXProject "Parstagram" */ = {
			isa = XCConfigurationList;
			buildConfigurations = (
				8D7AE1E3224C4DF40058C652 /* Debug */,
				8D7AE1E4224C4DF40058C652 /* Release */,
			);
			defaultConfigurationIsVisible = 0;
			defaultConfigurationName = Release;
		};
		8D7AE1E5224C4DF40058C652 /* Build configuration list for PBXNativeTarget "Parstagram" */ = {
			isa = XCConfigurationList;
			buildConfigurations = (
				8D7AE1E6224C4DF40058C652 /* Debug */,
				8D7AE1E7224C4DF40058C652 /* Release */,
			);
			defaultConfigurationIsVisible = 0;
			defaultConfigurationName = Release;
		};
		8D7AE1E8224C4DF40058C652 /* Build configuration list for PBXNativeTarget "ParstagramTests" */ = {
			isa = XCConfigurationList;
			buildConfigurations = (
				8D7AE1E9224C4DF40058C652 /* Debug */,
				8D7AE1EA224C4DF40058C652 /* Release */,
			);
			defaultConfigurationIsVisible = 0;
			defaultConfigurationName = Release;
		};
		8D7AE1EB224C4DF40058C652 /* Build configuration list for PBXNativeTarget "ParstagramUITests" */ = {
			isa = XCConfigurationList;
			buildConfigurations = (
				8D7AE1EC224C4DF40058C652 /* Debug */,
				8D7AE1ED224C4DF40058C652 /* Release */,
			);
			defaultConfigurationIsVisible = 0;
			defaultConfigurationName = Release;
		};
/* End XCConfigurationList section */
	};
	rootObject = 8D7AE1B5224C4DF10058C652 /* Project object */;
}
